
Microsoft Visual Studio Solution File, Format Version 12.00
# Visual Studio Version 17
VisualStudioVersion = 17.7.34024.191
MinimumVisualStudioVersion = 10.0.40219.1
Project("{9A19103F-16F7-4668-BE54-9A1E7A4F7556}") = "TransportLibrary", "TransportLibrary\TransportLibrary.csproj", "{D40E6C46-4F00-4477-8ADE-7D76037D3E59}"
EndProject
Project("{9A19103F-16F7-4668-BE54-9A1E7A4F7556}") = "ConsoleLoader", "ConsoleLoader\ConsoleLoader.csproj", "{9CF7BD52-BC7F-4C0E-8FD5-B81A08FD43EA}"
EndProject
Global
	GlobalSection(SolutionConfigurationPlatforms) = preSolution
		Debug|Any CPU = Debug|Any CPU
		Release|Any CPU = Release|Any CPU
	EndGlobalSection
	GlobalSection(ProjectConfigurationPlatforms) = postSolution
		{D40E6C46-4F00-4477-8ADE-7D76037D3E59}.Debug|Any CPU.ActiveCfg = Debug|Any CPU
		{D40E6C46-4F00-4477-8ADE-7D76037D3E59}.Debug|Any CPU.Build.0 = Debug|Any CPU
		{D40E6C46-4F00-4477-8ADE-7D76037D3E59}.Release|Any CPU.ActiveCfg = Release|Any CPU
		{D40E6C46-4F00-4477-8ADE-7D76037D3E59}.Release|Any CPU.Build.0 = Release|Any CPU
		{9CF7BD52-BC7F-4C0E-8FD5-B81A08FD43EA}.Debug|Any CPU.ActiveCfg = Debug|Any CPU
		{9CF7BD52-BC7F-4C0E-8FD5-B81A08FD43EA}.Debug|Any CPU.Build.0 = Debug|Any CPU
		{9CF7BD52-BC7F-4C0E-8FD5-B81A08FD43EA}.Release|Any CPU.ActiveCfg = Release|Any CPU
		{9CF7BD52-BC7F-4C0E-8FD5-B81A08FD43EA}.Release|Any CPU.Build.0 = Release|Any CPU
	EndGlobalSection
	GlobalSection(SolutionProperties) = preSolution
		HideSolutionNode = FALSE
	EndGlobalSection
	GlobalSection(ExtensibilityGlobals) = postSolution
		SolutionGuid = {4AD623FB-70DD-4FAA-9CDC-D8AD8265AE16}
	EndGlobalSection
EndGlobal
